
Microsoft Visual Studio Solution File, Format Version 12.00
# Visual Studio 15
VisualStudioVersion = 15.0.27004.2006
MinimumVisualStudioVersion = 10.0.40219.1
Project("{FAE04EC0-301F-11D3-BF4B-00C04F79EFBC}") = "tabletop", "tabletop\tabletop.csproj", "{C72F83EF-FBE2-4B32-AB4B-06A392576D74}"
EndProject
Global
	GlobalSection(SolutionConfigurationPlatforms) = preSolution
		Debug|Any CPU = Debug|Any CPU
		Release|Any CPU = Release|Any CPU
	EndGlobalSection
	GlobalSection(ProjectConfigurationPlatforms) = postSolution
		{C72F83EF-FBE2-4B32-AB4B-06A392576D74}.Debug|Any CPU.ActiveCfg = Debug|Any CPU
		{C72F83EF-FBE2-4B32-AB4B-06A392576D74}.Debug|Any CPU.Build.0 = Debug|Any CPU
		{C72F83EF-FBE2-4B32-AB4B-06A392576D74}.Release|Any CPU.ActiveCfg = Release|Any CPU
		{C72F83EF-FBE2-4B32-AB4B-06A392576D74}.Release|Any CPU.Build.0 = Release|Any CPU
	EndGlobalSection
	GlobalSection(SolutionProperties) = preSolution
		HideSolutionNode = FALSE
	EndGlobalSection
	GlobalSection(ExtensibilityGlobals) = postSolution
		SolutionGuid = {037A18B1-C113-4350-8A3B-4143A9972B4C}
	EndGlobalSection
EndGlobal
